{
  "originHash" : "c7e8230298ee9c0d346b53fdf67edfe7a6aa0aa5d0dea3d574c1acb476522c09",
  "pins" : [
    {
      "identity" : "swift-mustache",
      "kind" : "remoteSourceControl",
      "location" : "https://github.com/hummingbird-project/swift-mustache.git",
      "state" : {
        "revision" : "2e2a84698dd8a5fff2fe28857f0f95bb03d21d64",
        "version" : "2.0.2"
      }
    }
  ],
  "version" : 3
}
